// !$*UTF8*$!
{
	archiveVersion = 1;
	classes = {
	};
	objectVersion = 50;
	objects = {

/* Begin PBXBuildFile section */
		84EDF215242CFCCB005F111B /* AppDelegate.swift in Sources */ = {isa = PBXBuildFile; fileRef = 84EDF214242CFCCB005F111B /* AppDelegate.swift */; };
		84EDF217242CFCCB005F111B /* SceneDelegate.swift in Sources */ = {isa = PBXBuildFile; fileRef = 84EDF216242CFCCB005F111B /* SceneDelegate.swift */; };
		84EDF219242CFCCB005F111B /* ViewController.swift in Sources */ = {isa = PBXBuildFile; fileRef = 84EDF218242CFCCB005F111B /* ViewController.swift */; };
		84EDF21C242CFCCB005F111B /* Main.storyboard in Resources */ = {isa = PBXBuildFile; fileRef = 84EDF21A242CFCCB005F111B /* Main.storyboard */; };
		84EDF21E242CFCCC005F111B /* Assets.xcassets in Resources */ = {isa = PBXBuildFile; fileRef = 84EDF21D242CFCCC005F111B /* Assets.xcassets */; };
		84EDF221242CFCCC005F111B /* LaunchScreen.storyboard in Resources */ = {isa = PBXBuildFile; fileRef = 84EDF21F242CFCCC005F111B /* LaunchScreen.storyboard */; };
/* End PBXBuildFile section */

/* Begin PBXFileReference section */
		84EDF211242CFCCB005F111B /* FlightOffers.app */ = {isa = PBXFileReference; explicitFileType = wrapper.application; includeInIndex = 0; path = FlightOffers.app; sourceTree = BUILT_PRODUCTS_DIR; };
		84EDF214242CFCCB005F111B /* AppDelegate.swift */ = {isa = PBXFileReference; lastKnownFileType = sourcecode.swift; path = AppDelegate.swift; sourceTree = "<group>"; };
		84EDF216242CFCCB005F111B /* SceneDelegate.swift */ = {isa = PBXFileReference; lastKnownFileType = sourcecode.swift; path = SceneDelegate.swift; sourceTree = "<group>"; };
		84EDF218242CFCCB005F111B /* ViewController.swift */ = {isa = PBXFileReference; lastKnownFileType = sourcecode.swift; path = ViewController.swift; sourceTree = "<group>"; };
		84EDF21B242CFCCB005F111B /* Base */ = {isa = PBXFileReference; lastKnownFileType = file.storyboard; name = Base; path = Base.lproj/Main.storyboard; sourceTree = "<group>"; };
		84EDF21D242CFCCC005F111B /* Assets.xcassets */ = {isa = PBXFileReference; lastKnownFileType = folder.assetcatalog; path = Assets.xcassets; sourceTree = "<group>"; };
		84EDF220242CFCCC005F111B /* Base */ = {isa = PBXFileReference; lastKnownFileType = file.storyboard; name = Base; path = Base.lproj/LaunchScreen.storyboard; sourceTree = "<group>"; };
		84EDF222242CFCCC005F111B /* Info.plist */ = {isa = PBXFileReference; lastKnownFileType = text.plist.xml; path = Info.plist; sourceTree = "<group>"; };
/* End PBXFileReference section */

/* Begin PBXFrameworksBuildPhase section */
		84EDF20E242CFCCB005F111B /* Frameworks */ = {
			isa = PBXFrameworksBuildPhase;
			buildActionMask = 2147483647;
			files = (
			);
			runOnlyForDeploymentPostprocessing = 0;
		};
/* End PBXFrameworksBuildPhase section */

/* Begin PBXGroup section */
		84EDF208242CFCCB005F111B = {
			isa = PBXGroup;
			children = (
				84EDF213242CFCCB005F111B /* FlightOffers */,
				84EDF212242CFCCB005F111B /* Products */,
			);
			sourceTree = "<group>";
		};
		84EDF212242CFCCB005F111B /* Products */ = {
			isa = PBXGroup;
			children = (
				84EDF211242CFCCB005F111B /* FlightOffers.app */,
			);
			name = Products;
			sourceTree = "<group>";
		};
		84EDF213242CFCCB005F111B /* FlightOffers */ = {
			isa = PBXGroup;
			children = (
				84EDF214242CFCCB005F111B /* AppDelegate.swift */,
				84EDF216242CFCCB005F111B /* SceneDelegate.swift */,
				84EDF218242CFCCB005F111B /* ViewController.swift */,
				84EDF21A242CFCCB005F111B /* Main.storyboard */,
				84EDF21D242CFCCC005F111B /* Assets.xcassets */,
				84EDF21F242CFCCC005F111B /* LaunchScreen.storyboard */,
				84EDF222242CFCCC005F111B /* Info.plist */,
			);
			path = FlightOffers;
			sourceTree = "<group>";
		};
/* End PBXGroup section */

/* Begin PBXNativeTarget section */
		84EDF210242CFCCB005F111B /* FlightOffers */ = {
			isa = PBXNativeTarget;
			buildConfigurationList = 84EDF225242CFCCC005F111B /* Build configuration list for PBXNativeTarget "FlightOffers" */;
			buildPhases = (
				84EDF20D242CFCCB005F111B /* Sources */,
				84EDF20E242CFCCB005F111B /* Frameworks */,
				84EDF20F242CFCCB005F111B /* Resources */,
			);
			buildRules = (
			);
			dependencies = (
			);
			name = FlightOffers;
			productName = FlightOffers;
			productReference = 84EDF211242CFCCB005F111B /* FlightOffers.app */;
			productType = "com.apple.product-type.application";
		};
/* End PBXNativeTarget section */

/* Begin PBXProject section */
		84EDF209242CFCCB005F111B /* Project object */ = {
			isa = PBXProject;
			attributes = {
				LastSwiftUpdateCheck = 1130;
				LastUpgradeCheck = 1130;
				ORGANIZATIONNAME = sk.pecuch.tomas;
				TargetAttributes = {
					84EDF210242CFCCB005F111B = {
						CreatedOnToolsVersion = 11.3;
					};
				};
			};
			buildConfigurationList = 84EDF20C242CFCCB005F111B /* Build configuration list for PBXProject "FlightOffers" */;
			compatibilityVersion = "Xcode 9.3";
			developmentRegion = en;
			hasScannedForEncodings = 0;
			knownRegions = (
				en,
				Base,
			);
			mainGroup = 84EDF208242CFCCB005F111B;
			productRefGroup = 84EDF212242CFCCB005F111B /* Products */;
			projectDirPath = "";
			projectRoot = "";
			targets = (
				84EDF210242CFCCB005F111B /* FlightOffers */,
			);
		};
/* End PBXProject section */

/* Begin PBXResourcesBuildPhase section */
		84EDF20F242CFCCB005F111B /* Resources */ = {
			isa = PBXResourcesBuildPhase;
			buildActionMask = 2147483647;
			files = (
				84EDF221242CFCCC005F111B /* LaunchScreen.storyboard in Resources */,
				84EDF21E242CFCCC005F111B /* Assets.xcassets in Resources */,
				84EDF21C242CFCCB005F111B /* Main.storyboard in Resources */,
			);
			runOnlyForDeploymentPostprocessing = 0;
		};
/* End PBXResourcesBuildPhase section */

/* Begin PBXSourcesBuildPhase section */
		84EDF20D242CFCCB005F111B /* Sources */ = {
			isa = PBXSourcesBuildPhase;
			buildActionMask = 2147483647;
			files = (
				84EDF219242CFCCB005F111B /* ViewController.swift in Sources */,
				84EDF215242CFCCB005F111B /* AppDelegate.swift in Sources */,
				84EDF217242CFCCB005F111B /* SceneDelegate.swift in Sources */,
			);
			runOnlyForDeploymentPostprocessing = 0;
		};
/* End PBXSourcesBuildPhase section */

/* Begin PBXVariantGroup section */
		84EDF21A242CFCCB005F111B /* Main.storyboard */ = {
			isa = PBXVariantGroup;
			children = (
				84EDF21B242CFCCB005F111B /* Base */,
			);
			name = Main.storyboard;
			sourceTree = "<group>";
		};
		84EDF21F242CFCCC005F111B /* LaunchScreen.storyboard */ = {
			isa = PBXVariantGroup;
			children = (
				84EDF220242CFCCC005F111B /* Base */,
			);
			name = LaunchScreen.storyboard;
			sourceTree = "<group>";
		};
/* End PBXVariantGroup section */

/* Begin XCBuildConfiguration section */
		84EDF223242CFCCC005F111B /* Debug */ = {
			isa = XCBuildConfiguration;
			buildSettings = {
				ALWAYS_SEARCH_USER_PATHS = NO;
				CLANG_ANALYZER_NONNULL = YES;
				CLANG_ANALYZER_NUMBER_OBJECT_CONVERSION = YES_AGGRESSIVE;
				CLANG_CXX_LANGUAGE_STANDARD = "gnu++14";
				CLANG_CXX_LIBRARY = "libc++";
				CLANG_ENABLE_MODULES = YES;
				CLANG_ENABLE_OBJC_ARC = YES;
				CLANG_ENABLE_OBJC_WEAK = YES;
				CLANG_WARN_BLOCK_CAPTURE_AUTORELEASING = YES;
				CLANG_WARN_BOOL_CONVERSION = YES;
				CLANG_WARN_COMMA = YES;
				CLANG_WARN_CONSTANT_CONVERSION = YES;
				CLANG_WARN_DEPRECATED_OBJC_IMPLEMENTATIONS = YES;
				CLANG_WARN_DIRECT_OBJC_ISA_USAGE = YES_ERROR;
				CLANG_WARN_DOCUMENTATION_COMMENTS = YES;
				CLANG_WARN_EMPTY_BODY = YES;
				CLANG_WARN_ENUM_CONVERSION = YES;
				CLANG_WARN_INFINITE_RECURSION = YES;
				CLANG_WARN_INT_CONVERSION = YES;
				CLANG_WARN_NON_LITERAL_NULL_CONVERSION = YES;
				CLANG_WARN_OBJC_IMPLICIT_RETAIN_SELF = YES;
				CLANG_WARN_OBJC_LITERAL_CONVERSION = YES;
				CLANG_WARN_OBJC_ROOT_CLASS = YES_ERROR;
				CLANG_WARN_RANGE_LOOP_ANALYSIS = YES;
				CLANG_WARN_STRICT_PROTOTYPES = YES;
				CLANG_WARN_SUSPICIOUS_MOVE = YES;
				CLANG_WARN_UNGUARDED_AVAILABILITY = YES_AGGRESSIVE;
				CLANG_WARN_UNREACHABLE_CODE = YES;
				CLANG_WARN__DUPLICATE_METHOD_MATCH = YES;
				COPY_PHASE_STRIP = NO;
				DEBUG_INFORMATION_FORMAT = dwarf;
				ENABLE_STRICT_OBJC_MSGSEND = YES;
				ENABLE_TESTABILITY = YES;
				GCC_C_LANGUAGE_STANDARD = gnu11;
				GCC_DYNAMIC_NO_PIC = NO;
				GCC_NO_COMMON_BLOCKS = YES;
				GCC_OPTIMIZATION_LEVEL = 0;
				GCC_PREPROCESSOR_DEFINITIONS = (
					"DEBUG=1",
					"$(inherited)",
				);
				GCC_WARN_64_TO_32_BIT_CONVERSION = YES;
				GCC_WARN_ABOUT_RETURN_TYPE = YES_ERROR;
				GCC_WARN_UNDECLARED_SELECTOR = YES;
				GCC_WARN_UNINITIALIZED_AUTOS = YES_AGGRESSIVE;
				GCC_WARN_UNUSED_FUNCTION = YES;
				GCC_WARN_UNUSED_VARIABLE = YES;
				IPHONEOS_DEPLOYMENT_TARGET = 13.2;
				MTL_ENABLE_DEBUG_INFO = INCLUDE_SOURCE;
				MTL_FAST_MATH = YES;
				ONLY_ACTIVE_ARCH = YES;
				SDKROOT = iphoneos;
				SWIFT_ACTIVE_COMPILATION_CONDITIONS = DEBUG;
				SWIFT_OPTIMIZATION_LEVEL = "-Onone";
			};
			name = Debug;
		};
		84EDF224242CFCCC005F111B /* Release */ = {
			isa = XCBuildConfiguration;
			buildSettings = {
				ALWAYS_SEARCH_USER_PATHS = NO;
				CLANG_ANALYZER_NONNULL = YES;
				CLANG_ANALYZER_NUMBER_OBJECT_CONVERSION = YES_AGGRESSIVE;
				CLANG_CXX_LANGUAGE_STANDARD = "gnu++14";
				CLANG_CXX_LIBRARY = "libc++";
				CLANG_ENABLE_MODULES = YES;
				CLANG_ENABLE_OBJC_ARC = YES;
				CLANG_ENABLE_OBJC_WEAK = YES;
				CLANG_WARN_BLOCK_CAPTURE_AUTORELEASING = YES;
				CLANG_WARN_BOOL_CONVERSION = YES;
				CLANG_WARN_COMMA = YES;
				CLANG_WARN_CONSTANT_CONVERSION = YES;
				CLANG_WARN_DEPRECATED_OBJC_IMPLEMENTATIONS = YES;
				CLANG_WARN_DIRECT_OBJC_ISA_USAGE = YES_ERROR;
				CLANG_WARN_DOCUMENTATION_COMMENTS = YES;
				CLANG_WARN_EMPTY_BODY = YES;
				CLANG_WARN_ENUM_CONVERSION = YES;
				CLANG_WARN_INFINITE_RECURSION = YES;
				CLANG_WARN_INT_CONVERSION = YES;
				CLANG_WARN_NON_LITERAL_NULL_CONVERSION = YES;
				CLANG_WARN_OBJC_IMPLICIT_RETAIN_SELF = YES;
				CLANG_WARN_OBJC_LITERAL_CONVERSION = YES;
				CLANG_WARN_OBJC_ROOT_CLASS = YES_ERROR;
				CLANG_WARN_RANGE_LOOP_ANALYSIS = YES;
				CLANG_WARN_STRICT_PROTOTYPES = YES;
				CLANG_WARN_SUSPICIOUS_MOVE = YES;
				CLANG_WARN_UNGUARDED_AVAILABILITY = YES_AGGRESSIVE;
				CLANG_WARN_UNREACHABLE_CODE = YES;
				CLANG_WARN__DUPLICATE_METHOD_MATCH = YES;
				COPY_PHASE_STRIP = NO;
				DEBUG_INFORMATION_FORMAT = "dwarf-with-dsym";
				ENABLE_NS_ASSERTIONS = NO;
				ENABLE_STRICT_OBJC_MSGSEND = YES;
				GCC_C_LANGUAGE_STANDARD = gnu11;
				GCC_NO_COMMON_BLOCKS = YES;
				GCC_WARN_64_TO_32_BIT_CONVERSION = YES;
				GCC_WARN_ABOUT_RETURN_TYPE = YES_ERROR;
				GCC_WARN_UNDECLARED_SELECTOR = YES;
				GCC_WARN_UNINITIALIZED_AUTOS = YES_AGGRESSIVE;
				GCC_WARN_UNUSED_FUNCTION = YES;
				GCC_WARN_UNUSED_VARIABLE = YES;
				IPHONEOS_DEPLOYMENT_TARGET = 13.2;
				MTL_ENABLE_DEBUG_INFO = NO;
				MTL_FAST_MATH = YES;
				SDKROOT = iphoneos;
				SWIFT_COMPILATION_MODE = wholemodule;
				SWIFT_OPTIMIZATION_LEVEL = "-O";
				VALIDATE_PRODUCT = YES;
			};
			name = Release;
		};
		84EDF226242CFCCC005F111B /* Debug */ = {
			isa = XCBuildConfiguration;
			buildSettings = {
				ASSETCATALOG_COMPILER_APPICON_NAME = AppIcon;
				CODE_SIGN_STYLE = Automatic;
				DEVELOPMENT_TEAM = 4L97XUQKZV;
				INFOPLIST_FILE = FlightOffers/Info.plist;
				LD_RUNPATH_SEARCH_PATHS = (
					"$(inherited)",
					"@executable_path/Frameworks",
				);
				PRODUCT_BUNDLE_IDENTIFIER = pecuch.tomas.FlightOffers;
				PRODUCT_NAME = "$(TARGET_NAME)";
				SWIFT_VERSION = 5.0;
				TARGETED_DEVICE_FAMILY = "1,2";
			};
			name = Debug;
		};
		84EDF227242CFCCC005F111B /* Release */ = {
			isa = XCBuildConfiguration;
			buildSettings = {
				ASSETCATALOG_COMPILER_APPICON_NAME = AppIcon;
				CODE_SIGN_STYLE = Automatic;
				DEVELOPMENT_TEAM = 4L97XUQKZV;
				INFOPLIST_FILE = FlightOffers/Info.plist;
				LD_RUNPATH_SEARCH_PATHS = (
					"$(inherited)",
					"@executable_path/Frameworks",
				);
				PRODUCT_BUNDLE_IDENTIFIER = pecuch.tomas.FlightOffers;
				PRODUCT_NAME = "$(TARGET_NAME)";
				SWIFT_VERSION = 5.0;
				TARGETED_DEVICE_FAMILY = "1,2";
			};
			name = Release;
		};
/* End XCBuildConfiguration section */

/* Begin XCConfigurationList section */
		84EDF20C242CFCCB005F111B /* Build configuration list for PBXProject "FlightOffers" */ = {
			isa = XCConfigurationList;
			buildConfigurations = (
				84EDF223242CFCCC005F111B /* Debug */,
				84EDF224242CFCCC005F111B /* Release */,
			);
			defaultConfigurationIsVisible = 0;
			defaultConfigurationName = Release;
		};
		84EDF225242CFCCC005F111B /* Build configuration list for PBXNativeTarget "FlightOffers" */ = {
			isa = XCConfigurationList;
			buildConfigurations = (
				84EDF226242CFCCC005F111B /* Debug */,
				84EDF227242CFCCC005F111B /* Release */,
			);
			defaultConfigurationIsVisible = 0;
			defaultConfigurationName = Release;
		};
/* End XCConfigurationList section */
	};
	rootObject = 84EDF209242CFCCB005F111B /* Project object */;
}
